
Microsoft Visual Studio Solution File, Format Version 12.00
# Visual Studio Version 17
VisualStudioVersion = 17.8.34601.278
MinimumVisualStudioVersion = 10.0.40219.1
Project("{9A19103F-16F7-4668-BE54-9A1E7A4F7556}") = "dotnet-developer-evaluation", "dotnet-developer-evaluation\dotnet-developer-evaluation.csproj", "{59058750-4F80-4F4B-A6A5-666296438086}"
EndProject
Project("{9A19103F-16F7-4668-BE54-9A1E7A4F7556}") = "dotnet-developer-evaluation_test", "dotnet-developer-evaluation_test\dotnet-developer-evaluation_test.csproj", "{C318BF79-1D6B-4C1D-BAC4-78B9A26BCE0B}"
EndProject
Global
	GlobalSection(SolutionConfigurationPlatforms) = preSolution
		Debug|Any CPU = Debug|Any CPU
		Release|Any CPU = Release|Any CPU
	EndGlobalSection
	GlobalSection(ProjectConfigurationPlatforms) = postSolution
		{59058750-4F80-4F4B-A6A5-666296438086}.Debug|Any CPU.ActiveCfg = Debug|Any CPU
		{59058750-4F80-4F4B-A6A5-666296438086}.Debug|Any CPU.Build.0 = Debug|Any CPU
		{59058750-4F80-4F4B-A6A5-666296438086}.Release|Any CPU.ActiveCfg = Release|Any CPU
		{59058750-4F80-4F4B-A6A5-666296438086}.Release|Any CPU.Build.0 = Release|Any CPU
		{C318BF79-1D6B-4C1D-BAC4-78B9A26BCE0B}.Debug|Any CPU.ActiveCfg = Debug|Any CPU
		{C318BF79-1D6B-4C1D-BAC4-78B9A26BCE0B}.Debug|Any CPU.Build.0 = Debug|Any CPU
		{C318BF79-1D6B-4C1D-BAC4-78B9A26BCE0B}.Release|Any CPU.ActiveCfg = Release|Any CPU
		{C318BF79-1D6B-4C1D-BAC4-78B9A26BCE0B}.Release|Any CPU.Build.0 = Release|Any CPU
	EndGlobalSection
	GlobalSection(SolutionProperties) = preSolution
		HideSolutionNode = FALSE
	EndGlobalSection
	GlobalSection(ExtensibilityGlobals) = postSolution
		SolutionGuid = {D01412D6-D500-4DCD-B6A5-01B724FC9925}
	EndGlobalSection
EndGlobal
